// !$*UTF8*$!
{
	archiveVersion = 1;
	classes = {
	};
	objectVersion = 50;
	objects = {

/* Begin PBXBuildFile section */
		BB60F4AA2394C0AD0067EC2E /* AppDelegate.swift in Sources */ = {isa = PBXBuildFile; fileRef = BB60F4A92394C0AD0067EC2E /* AppDelegate.swift */; };
		BB60F4AC2394C0AD0067EC2E /* SceneDelegate.swift in Sources */ = {isa = PBXBuildFile; fileRef = BB60F4AB2394C0AD0067EC2E /* SceneDelegate.swift */; };
		BB60F4AE2394C0AD0067EC2E /* ViewController.swift in Sources */ = {isa = PBXBuildFile; fileRef = BB60F4AD2394C0AD0067EC2E /* ViewController.swift */; };
		BB60F4B12394C0AD0067EC2E /* Main.storyboard in Resources */ = {isa = PBXBuildFile; fileRef = BB60F4AF2394C0AD0067EC2E /* Main.storyboard */; };
		BB60F4B32394C0AE0067EC2E /* Assets.xcassets in Resources */ = {isa = PBXBuildFile; fileRef = BB60F4B22394C0AE0067EC2E /* Assets.xcassets */; };
		BB60F4B62394C0AE0067EC2E /* LaunchScreen.storyboard in Resources */ = {isa = PBXBuildFile; fileRef = BB60F4B42394C0AE0067EC2E /* LaunchScreen.storyboard */; };
/* End PBXBuildFile section */

/* Begin PBXFileReference section */
		BB60F4A62394C0AD0067EC2E /* RealmData.app */ = {isa = PBXFileReference; explicitFileType = wrapper.application; includeInIndex = 0; path = RealmData.app; sourceTree = BUILT_PRODUCTS_DIR; };
		BB60F4A92394C0AD0067EC2E /* AppDelegate.swift */ = {isa = PBXFileReference; lastKnownFileType = sourcecode.swift; path = AppDelegate.swift; sourceTree = "<group>"; };
		BB60F4AB2394C0AD0067EC2E /* SceneDelegate.swift */ = {isa = PBXFileReference; lastKnownFileType = sourcecode.swift; path = SceneDelegate.swift; sourceTree = "<group>"; };
		BB60F4AD2394C0AD0067EC2E /* ViewController.swift */ = {isa = PBXFileReference; lastKnownFileType = sourcecode.swift; path = ViewController.swift; sourceTree = "<group>"; };
		BB60F4B02394C0AD0067EC2E /* Base */ = {isa = PBXFileReference; lastKnownFileType = file.storyboard; name = Base; path = Base.lproj/Main.storyboard; sourceTree = "<group>"; };
		BB60F4B22394C0AE0067EC2E /* Assets.xcassets */ = {isa = PBXFileReference; lastKnownFileType = folder.assetcatalog; path = Assets.xcassets; sourceTree = "<group>"; };
		BB60F4B52394C0AE0067EC2E /* Base */ = {isa = PBXFileReference; lastKnownFileType = file.storyboard; name = Base; path = Base.lproj/LaunchScreen.storyboard; sourceTree = "<group>"; };
		BB60F4B72394C0AE0067EC2E /* Info.plist */ = {isa = PBXFileReference; lastKnownFileType = text.plist.xml; path = Info.plist; sourceTree = "<group>"; };
/* End PBXFileReference section */

/* Begin PBXFrameworksBuildPhase section */
		BB60F4A32394C0AD0067EC2E /* Frameworks */ = {
			isa = PBXFrameworksBuildPhase;
			buildActionMask = 2147483647;
			files = (
			);
			runOnlyForDeploymentPostprocessing = 0;
		};
/* End PBXFrameworksBuildPhase section */

/* Begin PBXGroup section */
		BB60F49D2394C0AD0067EC2E = {
			isa = PBXGroup;
			children = (
				BB60F4A82394C0AD0067EC2E /* RealmData */,
				BB60F4A72394C0AD0067EC2E /* Products */,
			);
			sourceTree = "<group>";
		};
		BB60F4A72394C0AD0067EC2E /* Products */ = {
			isa = PBXGroup;
			children = (
				BB60F4A62394C0AD0067EC2E /* RealmData.app */,
			);
			name = Products;
			sourceTree = "<group>";
		};
		BB60F4A82394C0AD0067EC2E /* RealmData */ = {
			isa = PBXGroup;
			children = (
				BB60F4A92394C0AD0067EC2E /* AppDelegate.swift */,
				BB60F4AB2394C0AD0067EC2E /* SceneDelegate.swift */,
				BB60F4AD2394C0AD0067EC2E /* ViewController.swift */,
				BB60F4AF2394C0AD0067EC2E /* Main.storyboard */,
				BB60F4B22394C0AE0067EC2E /* Assets.xcassets */,
				BB60F4B42394C0AE0067EC2E /* LaunchScreen.storyboard */,
				BB60F4B72394C0AE0067EC2E /* Info.plist */,
			);
			path = RealmData;
			sourceTree = "<group>";
		};
/* End PBXGroup section */

/* Begin PBXNativeTarget section */
		BB60F4A52394C0AD0067EC2E /* RealmData */ = {
			isa = PBXNativeTarget;
			buildConfigurationList = BB60F4BA2394C0AE0067EC2E /* Build configuration list for PBXNativeTarget "RealmData" */;
			buildPhases = (
				BB60F4A22394C0AD0067EC2E /* Sources */,
				BB60F4A32394C0AD0067EC2E /* Frameworks */,
				BB60F4A42394C0AD0067EC2E /* Resources */,
			);
			buildRules = (
			);
			dependencies = (
			);
			name = RealmData;
			productName = RealmData;
			productReference = BB60F4A62394C0AD0067EC2E /* RealmData.app */;
			productType = "com.apple.product-type.application";
		};
/* End PBXNativeTarget section */

/* Begin PBXProject section */
		BB60F49E2394C0AD0067EC2E /* Project object */ = {
			isa = PBXProject;
			attributes = {
				LastSwiftUpdateCheck = 1120;
				LastUpgradeCheck = 1120;
				ORGANIZATIONNAME = colors;
				TargetAttributes = {
					BB60F4A52394C0AD0067EC2E = {
						CreatedOnToolsVersion = 11.2;
					};
				};
			};
			buildConfigurationList = BB60F4A12394C0AD0067EC2E /* Build configuration list for PBXProject "RealmData" */;
			compatibilityVersion = "Xcode 9.3";
			developmentRegion = en;
			hasScannedForEncodings = 0;
			knownRegions = (
				en,
				Base,
			);
			mainGroup = BB60F49D2394C0AD0067EC2E;
			productRefGroup = BB60F4A72394C0AD0067EC2E /* Products */;
			projectDirPath = "";
			projectRoot = "";
			targets = (
				BB60F4A52394C0AD0067EC2E /* RealmData */,
			);
		};
/* End PBXProject section */

/* Begin PBXResourcesBuildPhase section */
		BB60F4A42394C0AD0067EC2E /* Resources */ = {
			isa = PBXResourcesBuildPhase;
			buildActionMask = 2147483647;
			files = (
				BB60F4B62394C0AE0067EC2E /* LaunchScreen.storyboard in Resources */,
				BB60F4B32394C0AE0067EC2E /* Assets.xcassets in Resources */,
				BB60F4B12394C0AD0067EC2E /* Main.storyboard in Resources */,
			);
			runOnlyForDeploymentPostprocessing = 0;
		};
/* End PBXResourcesBuildPhase section */

/* Begin PBXSourcesBuildPhase section */
		BB60F4A22394C0AD0067EC2E /* Sources */ = {
			isa = PBXSourcesBuildPhase;
			buildActionMask = 2147483647;
			files = (
				BB60F4AE2394C0AD0067EC2E /* ViewController.swift in Sources */,
				BB60F4AA2394C0AD0067EC2E /* AppDelegate.swift in Sources */,
				BB60F4AC2394C0AD0067EC2E /* SceneDelegate.swift in Sources */,
			);
			runOnlyForDeploymentPostprocessing = 0;
		};
/* End PBXSourcesBuildPhase section */

/* Begin PBXVariantGroup section */
		BB60F4AF2394C0AD0067EC2E /* Main.storyboard */ = {
			isa = PBXVariantGroup;
			children = (
				BB60F4B02394C0AD0067EC2E /* Base */,
			);
			name = Main.storyboard;
			sourceTree = "<group>";
		};
		BB60F4B42394C0AE0067EC2E /* LaunchScreen.storyboard */ = {
			isa = PBXVariantGroup;
			children = (
				BB60F4B52394C0AE0067EC2E /* Base */,
			);
			name = LaunchScreen.storyboard;
			sourceTree = "<group>";
		};
/* End PBXVariantGroup section */

/* Begin XCBuildConfiguration section */
		BB60F4B82394C0AE0067EC2E /* Debug */ = {
			isa = XCBuildConfiguration;
			buildSettings = {
				ALWAYS_SEARCH_USER_PATHS = NO;
				CLANG_ANALYZER_NONNULL = YES;
				CLANG_ANALYZER_NUMBER_OBJECT_CONVERSION = YES_AGGRESSIVE;
				CLANG_CXX_LANGUAGE_STANDARD = "gnu++14";
				CLANG_CXX_LIBRARY = "libc++";
				CLANG_ENABLE_MODULES = YES;
				CLANG_ENABLE_OBJC_ARC = YES;
				CLANG_ENABLE_OBJC_WEAK = YES;
				CLANG_WARN_BLOCK_CAPTURE_AUTORELEASING = YES;
				CLANG_WARN_BOOL_CONVERSION = YES;
				CLANG_WARN_COMMA = YES;
				CLANG_WARN_CONSTANT_CONVERSION = YES;
				CLANG_WARN_DEPRECATED_OBJC_IMPLEMENTATIONS = YES;
				CLANG_WARN_DIRECT_OBJC_ISA_USAGE = YES_ERROR;
				CLANG_WARN_DOCUMENTATION_COMMENTS = YES;
				CLANG_WARN_EMPTY_BODY = YES;
				CLANG_WARN_ENUM_CONVERSION = YES;
				CLANG_WARN_INFINITE_RECURSION = YES;
				CLANG_WARN_INT_CONVERSION = YES;
				CLANG_WARN_NON_LITERAL_NULL_CONVERSION = YES;
				CLANG_WARN_OBJC_IMPLICIT_RETAIN_SELF = YES;
				CLANG_WARN_OBJC_LITERAL_CONVERSION = YES;
				CLANG_WARN_OBJC_ROOT_CLASS = YES_ERROR;
				CLANG_WARN_RANGE_LOOP_ANALYSIS = YES;
				CLANG_WARN_STRICT_PROTOTYPES = YES;
				CLANG_WARN_SUSPICIOUS_MOVE = YES;
				CLANG_WARN_UNGUARDED_AVAILABILITY = YES_AGGRESSIVE;
				CLANG_WARN_UNREACHABLE_CODE = YES;
				CLANG_WARN__DUPLICATE_METHOD_MATCH = YES;
				COPY_PHASE_STRIP = NO;
				DEBUG_INFORMATION_FORMAT = dwarf;
				ENABLE_STRICT_OBJC_MSGSEND = YES;
				ENABLE_TESTABILITY = YES;
				GCC_C_LANGUAGE_STANDARD = gnu11;
				GCC_DYNAMIC_NO_PIC = NO;
				GCC_NO_COMMON_BLOCKS = YES;
				GCC_OPTIMIZATION_LEVEL = 0;
				GCC_PREPROCESSOR_DEFINITIONS = (
					"DEBUG=1",
					"$(inherited)",
				);
				GCC_WARN_64_TO_32_BIT_CONVERSION = YES;
				GCC_WARN_ABOUT_RETURN_TYPE = YES_ERROR;
				GCC_WARN_UNDECLARED_SELECTOR = YES;
				GCC_WARN_UNINITIALIZED_AUTOS = YES_AGGRESSIVE;
				GCC_WARN_UNUSED_FUNCTION = YES;
				GCC_WARN_UNUSED_VARIABLE = YES;
				IPHONEOS_DEPLOYMENT_TARGET = 13.2;
				MTL_ENABLE_DEBUG_INFO = INCLUDE_SOURCE;
				MTL_FAST_MATH = YES;
				ONLY_ACTIVE_ARCH = YES;
				SDKROOT = iphoneos;
				SWIFT_ACTIVE_COMPILATION_CONDITIONS = DEBUG;
				SWIFT_OPTIMIZATION_LEVEL = "-Onone";
			};
			name = Debug;
		};
		BB60F4B92394C0AE0067EC2E /* Release */ = {
			isa = XCBuildConfiguration;
			buildSettings = {
				ALWAYS_SEARCH_USER_PATHS = NO;
				CLANG_ANALYZER_NONNULL = YES;
				CLANG_ANALYZER_NUMBER_OBJECT_CONVERSION = YES_AGGRESSIVE;
				CLANG_CXX_LANGUAGE_STANDARD = "gnu++14";
				CLANG_CXX_LIBRARY = "libc++";
				CLANG_ENABLE_MODULES = YES;
				CLANG_ENABLE_OBJC_ARC = YES;
				CLANG_ENABLE_OBJC_WEAK = YES;
				CLANG_WARN_BLOCK_CAPTURE_AUTORELEASING = YES;
				CLANG_WARN_BOOL_CONVERSION = YES;
				CLANG_WARN_COMMA = YES;
				CLANG_WARN_CONSTANT_CONVERSION = YES;
				CLANG_WARN_DEPRECATED_OBJC_IMPLEMENTATIONS = YES;
				CLANG_WARN_DIRECT_OBJC_ISA_USAGE = YES_ERROR;
				CLANG_WARN_DOCUMENTATION_COMMENTS = YES;
				CLANG_WARN_EMPTY_BODY = YES;
				CLANG_WARN_ENUM_CONVERSION = YES;
				CLANG_WARN_INFINITE_RECURSION = YES;
				CLANG_WARN_INT_CONVERSION = YES;
				CLANG_WARN_NON_LITERAL_NULL_CONVERSION = YES;
				CLANG_WARN_OBJC_IMPLICIT_RETAIN_SELF = YES;
				CLANG_WARN_OBJC_LITERAL_CONVERSION = YES;
				CLANG_WARN_OBJC_ROOT_CLASS = YES_ERROR;
				CLANG_WARN_RANGE_LOOP_ANALYSIS = YES;
				CLANG_WARN_STRICT_PROTOTYPES = YES;
				CLANG_WARN_SUSPICIOUS_MOVE = YES;
				CLANG_WARN_UNGUARDED_AVAILABILITY = YES_AGGRESSIVE;
				CLANG_WARN_UNREACHABLE_CODE = YES;
				CLANG_WARN__DUPLICATE_METHOD_MATCH = YES;
				COPY_PHASE_STRIP = NO;
				DEBUG_INFORMATION_FORMAT = "dwarf-with-dsym";
				ENABLE_NS_ASSERTIONS = NO;
				ENABLE_STRICT_OBJC_MSGSEND = YES;
				GCC_C_LANGUAGE_STANDARD = gnu11;
				GCC_NO_COMMON_BLOCKS = YES;
				GCC_WARN_64_TO_32_BIT_CONVERSION = YES;
				GCC_WARN_ABOUT_RETURN_TYPE = YES_ERROR;
				GCC_WARN_UNDECLARED_SELECTOR = YES;
				GCC_WARN_UNINITIALIZED_AUTOS = YES_AGGRESSIVE;
				GCC_WARN_UNUSED_FUNCTION = YES;
				GCC_WARN_UNUSED_VARIABLE = YES;
				IPHONEOS_DEPLOYMENT_TARGET = 13.2;
				MTL_ENABLE_DEBUG_INFO = NO;
				MTL_FAST_MATH = YES;
				SDKROOT = iphoneos;
				SWIFT_COMPILATION_MODE = wholemodule;
				SWIFT_OPTIMIZATION_LEVEL = "-O";
				VALIDATE_PRODUCT = YES;
			};
			name = Release;
		};
		BB60F4BB2394C0AE0067EC2E /* Debug */ = {
			isa = XCBuildConfiguration;
			buildSettings = {
				ASSETCATALOG_COMPILER_APPICON_NAME = AppIcon;
				CODE_SIGN_STYLE = Automatic;
				INFOPLIST_FILE = RealmData/Info.plist;
				LD_RUNPATH_SEARCH_PATHS = (
					"$(inherited)",
					"@executable_path/Frameworks",
				);
				PRODUCT_BUNDLE_IDENTIFIER = colors.RealmData;
				PRODUCT_NAME = "$(TARGET_NAME)";
				SWIFT_VERSION = 5.0;
				TARGETED_DEVICE_FAMILY = "1,2";
			};
			name = Debug;
		};
		BB60F4BC2394C0AE0067EC2E /* Release */ = {
			isa = XCBuildConfiguration;
			buildSettings = {
				ASSETCATALOG_COMPILER_APPICON_NAME = AppIcon;
				CODE_SIGN_STYLE = Automatic;
				INFOPLIST_FILE = RealmData/Info.plist;
				LD_RUNPATH_SEARCH_PATHS = (
					"$(inherited)",
					"@executable_path/Frameworks",
				);
				PRODUCT_BUNDLE_IDENTIFIER = colors.RealmData;
				PRODUCT_NAME = "$(TARGET_NAME)";
				SWIFT_VERSION = 5.0;
				TARGETED_DEVICE_FAMILY = "1,2";
			};
			name = Release;
		};
/* End XCBuildConfiguration section */

/* Begin XCConfigurationList section */
		BB60F4A12394C0AD0067EC2E /* Build configuration list for PBXProject "RealmData" */ = {
			isa = XCConfigurationList;
			buildConfigurations = (
				BB60F4B82394C0AE0067EC2E /* Debug */,
				BB60F4B92394C0AE0067EC2E /* Release */,
			);
			defaultConfigurationIsVisible = 0;
			defaultConfigurationName = Release;
		};
		BB60F4BA2394C0AE0067EC2E /* Build configuration list for PBXNativeTarget "RealmData" */ = {
			isa = XCConfigurationList;
			buildConfigurations = (
				BB60F4BB2394C0AE0067EC2E /* Debug */,
				BB60F4BC2394C0AE0067EC2E /* Release */,
			);
			defaultConfigurationIsVisible = 0;
			defaultConfigurationName = Release;
		};
/* End XCConfigurationList section */
	};
	rootObject = BB60F49E2394C0AD0067EC2E /* Project object */;
}
